
Microsoft Visual Studio Solution File, Format Version 12.00
# Visual Studio 2013
VisualStudioVersion = 12.0.40629.0
MinimumVisualStudioVersion = 10.0.40219.1
Project("{FAE04EC0-301F-11D3-BF4B-00C04F79EFBC}") = "AASDataWService", "AASDataWService\AASDataWService.csproj", "{F5762B98-7AD5-451B-B54A-A9AE51B09502}"
EndProject
Global
	GlobalSection(SolutionConfigurationPlatforms) = preSolution
		Debug|Any CPU = Debug|Any CPU
		Release|Any CPU = Release|Any CPU
	EndGlobalSection
	GlobalSection(ProjectConfigurationPlatforms) = postSolution
		{F5762B98-7AD5-451B-B54A-A9AE51B09502}.Debug|Any CPU.ActiveCfg = Debug|Any CPU
		{F5762B98-7AD5-451B-B54A-A9AE51B09502}.Debug|Any CPU.Build.0 = Debug|Any CPU
		{F5762B98-7AD5-451B-B54A-A9AE51B09502}.Release|Any CPU.ActiveCfg = Release|Any CPU
		{F5762B98-7AD5-451B-B54A-A9AE51B09502}.Release|Any CPU.Build.0 = Release|Any CPU
	EndGlobalSection
	GlobalSection(SolutionProperties) = preSolution
		HideSolutionNode = FALSE
	EndGlobalSection
EndGlobal
